
Microsoft Visual Studio Solution File, Format Version 12.00
# Visual Studio Version 16
VisualStudioVersion = 16.0.31911.196
MinimumVisualStudioVersion = 10.0.40219.1
Project("{FAE04EC0-301F-11D3-BF4B-00C04F79EFBC}") = "TodoApi", "TodoApi.csproj", "{D9B88506-20DF-4251-B78F-DE819DB38EF9}"
EndProject
Project("{FAE04EC0-301F-11D3-BF4B-00C04F79EFBC}") = "TodoApiTest", "..\TodoApiTest\TodoApiTest.csproj", "{DD5E2D63-70B8-4975-9BCA-17CB644CC497}"
EndProject
Global
	GlobalSection(SolutionConfigurationPlatforms) = preSolution
		Debug|Any CPU = Debug|Any CPU
		Release|Any CPU = Release|Any CPU
	EndGlobalSection
	GlobalSection(ProjectConfigurationPlatforms) = postSolution
		{D9B88506-20DF-4251-B78F-DE819DB38EF9}.Debug|Any CPU.ActiveCfg = Debug|Any CPU
		{D9B88506-20DF-4251-B78F-DE819DB38EF9}.Debug|Any CPU.Build.0 = Debug|Any CPU
		{D9B88506-20DF-4251-B78F-DE819DB38EF9}.Release|Any CPU.ActiveCfg = Release|Any CPU
		{D9B88506-20DF-4251-B78F-DE819DB38EF9}.Release|Any CPU.Build.0 = Release|Any CPU
		{DD5E2D63-70B8-4975-9BCA-17CB644CC497}.Debug|Any CPU.ActiveCfg = Debug|Any CPU
		{DD5E2D63-70B8-4975-9BCA-17CB644CC497}.Debug|Any CPU.Build.0 = Debug|Any CPU
		{DD5E2D63-70B8-4975-9BCA-17CB644CC497}.Release|Any CPU.ActiveCfg = Release|Any CPU
		{DD5E2D63-70B8-4975-9BCA-17CB644CC497}.Release|Any CPU.Build.0 = Release|Any CPU
	EndGlobalSection
	GlobalSection(SolutionProperties) = preSolution
		HideSolutionNode = FALSE
	EndGlobalSection
	GlobalSection(ExtensibilityGlobals) = postSolution
		SolutionGuid = {E8306751-70F9-4EE1-BAC6-00957BE46B3A}
	EndGlobalSection
EndGlobal
